
Microsoft Visual Studio Solution File, Format Version 12.00
# Visual Studio Version 17
VisualStudioVersion = 17.5.002.0
MinimumVisualStudioVersion = 10.0.40219.1
Project("{9A19103F-16F7-4668-BE54-9A1E7A4F7556}") = "Learning02", "Learning02.csproj", "{A22F1969-04A1-48E8-AB7D-67E2DDA1143C}"
EndProject
Global
	GlobalSection(SolutionConfigurationPlatforms) = preSolution
		Debug|Any CPU = Debug|Any CPU
		Release|Any CPU = Release|Any CPU
	EndGlobalSection
	GlobalSection(ProjectConfigurationPlatforms) = postSolution
		{A22F1969-04A1-48E8-AB7D-67E2DDA1143C}.Debug|Any CPU.ActiveCfg = Debug|Any CPU
		{A22F1969-04A1-48E8-AB7D-67E2DDA1143C}.Debug|Any CPU.Build.0 = Debug|Any CPU
		{A22F1969-04A1-48E8-AB7D-67E2DDA1143C}.Release|Any CPU.ActiveCfg = Release|Any CPU
		{A22F1969-04A1-48E8-AB7D-67E2DDA1143C}.Release|Any CPU.Build.0 = Release|Any CPU
	EndGlobalSection
	GlobalSection(SolutionProperties) = preSolution
		HideSolutionNode = FALSE
	EndGlobalSection
	GlobalSection(ExtensibilityGlobals) = postSolution
		SolutionGuid = {6C37E80B-AC3C-4677-96B2-BDA41ABD4EEF}
	EndGlobalSection
EndGlobal
